{
  "name": "loginform",
  "version": "0.0.1",
  "lockfileVersion": 1,
  "requires": true,
  "dependencies": {
    "@material/animation": {
      "version": "5.0.0-canary.a1a0deb3e.0",
      "resolved": "https://registry.npmjs.org/@material/animation/-/animation-5.0.0-canary.a1a0deb3e.0.tgz",
      "integrity": "sha512-oaKR/PcDaNTFRNPAH44wVg/8O0IKst+ckaSVbv5t6fRqNBUhPwBxUmjIqJTI0aeL5RLQaRp9h9jMZVz0YLqmVw==",
      "requires": {
        "tslib": "^1.9.3"
      }
    },
    "@material/base": {
      "version": "5.0.0-canary.a1a0deb3e.0",
      "resolved": "https://registry.npmjs.org/@material/base/-/base-5.0.0-canary.a1a0deb3e.0.tgz",
      "integrity": "sha512-l3MMqLNdzv67EVjBZi33vDlrhU+mzHn6OzaiaX9Q08WS+tX5Co1WfdQtHhcYEPslS5aYv6kaU9FQL96Hb6fbpw==",
      "requires": {
        "tslib": "^1.9.3"
      }
    },
    "@material/button": {
      "version": "5.0.0-canary.a1a0deb3e.0",
      "resolved": "https://registry.npmjs.org/@material/button/-/button-5.0.0-canary.a1a0deb3e.0.tgz",
      "integrity": "sha512-3KSfbc1N5zBI8IJrjB6WOIe82xXTWEr5lnKZz0gpY3yiemlY9PrIyCnN3GBRfCnhlAtM6Z+T4ipMyt5QpxvPZQ==",
      "requires": {
        "@material/density": "5.0.0-canary.a1a0deb3e.0",
        "@material/elevation": "5.0.0-canary.a1a0deb3e.0",
        "@material/feature-targeting": "5.0.0-canary.a1a0deb3e.0",
        "@material/ripple": "5.0.0-canary.a1a0deb3e.0",
        "@material/rtl": "5.0.0-canary.a1a0deb3e.0",
        "@material/shape": "5.0.0-canary.a1a0deb3e.0",
        "@material/theme": "5.0.0-canary.a1a0deb3e.0",
        "@material/touch-target": "5.0.0-canary.a1a0deb3e.0",
        "@material/typography": "5.0.0-canary.a1a0deb3e.0"
      }
    },
    "@material/checkbox": {
      "version": "5.0.0-canary.a1a0deb3e.0",
      "resolved": "https://registry.npmjs.org/@material/checkbox/-/checkbox-5.0.0-canary.a1a0deb3e.0.tgz",
      "integrity": "sha512-9ISLxNBVwWZSpjotMXaoVM7dO9AMWudON+DcxtZ5Gn8+zniv5H+I7SS0Elr0vFRX3GtFVfIrLm2UH/D6eoQR0w==",
      "requires": {
        "@material/animation": "5.0.0-canary.a1a0deb3e.0",
        "@material/base": "5.0.0-canary.a1a0deb3e.0",
        "@material/density": "5.0.0-canary.a1a0deb3e.0",
        "@material/dom": "5.0.0-canary.a1a0deb3e.0",
        "@material/feature-targeting": "5.0.0-canary.a1a0deb3e.0",
        "@material/ripple": "5.0.0-canary.a1a0deb3e.0",
        "@material/theme": "5.0.0-canary.a1a0deb3e.0",
        "@material/touch-target": "5.0.0-canary.a1a0deb3e.0",
        "tslib": "^1.9.3"
      }
    },
    "@material/density": {
      "version": "5.0.0-canary.a1a0deb3e.0",
      "resolved": "https://registry.npmjs.org/@material/density/-/density-5.0.0-canary.a1a0deb3e.0.tgz",
      "integrity": "sha512-fiveGGId+X0XXdV7FpENhJzRu2GBslybJlMB7cEGJvMC0BXZmqaSJlIrAy8zse69jfPtLuIuSzFLD/hQ8L2y+Q=="
    },
    "@material/dom": {
      "version": "5.0.0-canary.a1a0deb3e.0",
      "resolved": "https://registry.npmjs.org/@material/dom/-/dom-5.0.0-canary.a1a0deb3e.0.tgz",
      "integrity": "sha512-jd/Y/nS+Op93EEDm59K9r8x0MJtzSKXXCxyviXfO/tqz6tsoLeghTIPlmEbYohwjV6m+bK2mfpMBOQ7Ryr2fHg==",
      "requires": {
        "tslib": "^1.9.3"
      }
    },
    "@material/elevation": {
      "version": "5.0.0-canary.a1a0deb3e.0",
      "resolved": "https://registry.npmjs.org/@material/elevation/-/elevation-5.0.0-canary.a1a0deb3e.0.tgz",
      "integrity": "sha512-puwebsu4IQuBctqPxjiKcgdxfYgNdz+eYsNXkgX0N7fePu+497jY1VL5xz21hqLSpAh3yNcY4kRcK3IDxxYcrg==",
      "requires": {
        "@material/animation": "5.0.0-canary.a1a0deb3e.0",
        "@material/base": "5.0.0-canary.a1a0deb3e.0",
        "@material/feature-targeting": "5.0.0-canary.a1a0deb3e.0",
        "@material/theme": "5.0.0-canary.a1a0deb3e.0"
      }
    },
    "@material/feature-targeting": {
      "version": "5.0.0-canary.a1a0deb3e.0",
      "resolved": "https://registry.npmjs.org/@material/feature-targeting/-/feature-targeting-5.0.0-canary.a1a0deb3e.0.tgz",
      "integrity": "sha512-TP1vvgH2ydFZwuKT2uWgv9ZC4E00J4qTqpVw1cpH2SiAd8V1dkEC9Kz6q8bY6k/6j+dK0Kl0vqHvjz2AL+2HZw=="
    },
    "@material/floating-label": {
      "version": "5.0.0-canary.a1a0deb3e.0",
      "resolved": "https://registry.npmjs.org/@material/floating-label/-/floating-label-5.0.0-canary.a1a0deb3e.0.tgz",
      "integrity": "sha512-2JNCYcSgI7XAK1kQHG4/TVVoq+B3K+A2a/kQNCpSnFKeKDZk5i4ef8FbB8xeBVDXdmXx/hDESpdAylmUnaG/7A==",
      "requires": {
        "@material/animation": "5.0.0-canary.a1a0deb3e.0",
        "@material/base": "5.0.0-canary.a1a0deb3e.0",
        "@material/dom": "5.0.0-canary.a1a0deb3e.0",
        "@material/feature-targeting": "5.0.0-canary.a1a0deb3e.0",
        "@material/rtl": "5.0.0-canary.a1a0deb3e.0",
        "@material/theme": "5.0.0-canary.a1a0deb3e.0",
        "@material/typography": "5.0.0-canary.a1a0deb3e.0",
        "tslib": "^1.9.3"
      }
    },
    "@material/line-ripple": {
      "version": "5.0.0-canary.a1a0deb3e.0",
      "resolved": "https://registry.npmjs.org/@material/line-ripple/-/line-ripple-5.0.0-canary.a1a0deb3e.0.tgz",
      "integrity": "sha512-PjLvwrutuS1CFOg9w0oK2ppxXQOXaUW68xDuWutDGFqUrREZJXKE0CON1L7PG3pcBLmhGbfpPxEIGtw0QxNQzg==",
      "requires": {
        "@material/animation": "5.0.0-canary.a1a0deb3e.0",
        "@material/base": "5.0.0-canary.a1a0deb3e.0",
        "@material/feature-targeting": "5.0.0-canary.a1a0deb3e.0",
        "@material/theme": "5.0.0-canary.a1a0deb3e.0",
        "tslib": "^1.9.3"
      }
    },
    "@material/list": {
      "version": "5.0.0-canary.a1a0deb3e.0",
      "resolved": "https://registry.npmjs.org/@material/list/-/list-5.0.0-canary.a1a0deb3e.0.tgz",
      "integrity": "sha512-9+Xn17SspJCvG7xVQZS6hWlCpsl8NqkbkCLsufmruSInm0hZ8QmBITvbF1pXdSOo+TyK3ubppFEaznqovwMfwA==",
      "requires": {
        "@material/base": "5.0.0-canary.a1a0deb3e.0",
        "@material/density": "5.0.0-canary.a1a0deb3e.0",
        "@material/dom": "5.0.0-canary.a1a0deb3e.0",
        "@material/feature-targeting": "5.0.0-canary.a1a0deb3e.0",
        "@material/ripple": "5.0.0-canary.a1a0deb3e.0",
        "@material/rtl": "5.0.0-canary.a1a0deb3e.0",
        "@material/shape": "5.0.0-canary.a1a0deb3e.0",
        "@material/theme": "5.0.0-canary.a1a0deb3e.0",
        "@material/typography": "5.0.0-canary.a1a0deb3e.0",
        "tslib": "^1.9.3"
      }
    },
    "@material/menu": {
      "version": "5.0.0-canary.a1a0deb3e.0",
      "resolved": "https://registry.npmjs.org/@material/menu/-/menu-5.0.0-canary.a1a0deb3e.0.tgz",
      "integrity": "sha512-NvZ578Yd5rfqKWbGcsyDBPqKJsaokuXxG0kUeK6y7w2d8cPs2cq+x5usJJyyfyu0FuDjoHynaF9O15skjE5M9Q==",
      "requires": {
        "@material/base": "5.0.0-canary.a1a0deb3e.0",
        "@material/dom": "5.0.0-canary.a1a0deb3e.0",
        "@material/elevation": "5.0.0-canary.a1a0deb3e.0",
        "@material/feature-targeting": "5.0.0-canary.a1a0deb3e.0",
        "@material/list": "5.0.0-canary.a1a0deb3e.0",
        "@material/menu-surface": "5.0.0-canary.a1a0deb3e.0",
        "@material/ripple": "5.0.0-canary.a1a0deb3e.0",
        "@material/rtl": "5.0.0-canary.a1a0deb3e.0",
        "@material/theme": "5.0.0-canary.a1a0deb3e.0",
        "tslib": "^1.9.3"
      }
    },
    "@material/menu-surface": {
      "version": "5.0.0-canary.a1a0deb3e.0",
      "resolved": "https://registry.npmjs.org/@material/menu-surface/-/menu-surface-5.0.0-canary.a1a0deb3e.0.tgz",
      "integrity": "sha512-BtmEI5AoJelv6g/qmY1dn8IsJt2PqUCRLNH4HeW4+Og+cSS5Gt5jtBfFm9/oJyKNaqYH8IImFmPSn2isBUTyyg==",
      "requires": {
        "@material/animation": "5.0.0-canary.a1a0deb3e.0",
        "@material/base": "5.0.0-canary.a1a0deb3e.0",
        "@material/elevation": "5.0.0-canary.a1a0deb3e.0",
        "@material/feature-targeting": "5.0.0-canary.a1a0deb3e.0",
        "@material/rtl": "5.0.0-canary.a1a0deb3e.0",
        "@material/shape": "5.0.0-canary.a1a0deb3e.0",
        "@material/theme": "5.0.0-canary.a1a0deb3e.0",
        "tslib": "^1.9.3"
      }
    },
    "@material/mwc-base": {
      "version": "0.13.0",
      "resolved": "https://registry.npmjs.org/@material/mwc-base/-/mwc-base-0.13.0.tgz",
      "integrity": "sha512-r9TT6pz5JafRNaljwrDku/UifFNGl/htZ+o9NNfO8v+z/qqGMBFzz3xS2Neim27Qb5yiSS3uKrfdwWAymj8XDg==",
      "requires": {
        "@material/base": "=5.0.0-canary.a1a0deb3e.0",
        "@material/dom": "=5.0.0-canary.a1a0deb3e.0",
        "@material/ripple": "=5.0.0-canary.a1a0deb3e.0",
        "lit-element": "^2.2.1",
        "tslib": "^1.10.0"
      }
    },
    "@material/mwc-button": {
      "version": "0.13.0",
      "resolved": "https://registry.npmjs.org/@material/mwc-button/-/mwc-button-0.13.0.tgz",
      "integrity": "sha512-2ru+nkt9zHFZdtEBseba51BjPL3k1CHnn+px0YYy6o7CY5tJgJMysMVQL7L9cVbE0WyxVr59bgEN4lMedFi0/Q==",
      "requires": {
        "@material/button": "=5.0.0-canary.a1a0deb3e.0",
        "@material/mwc-base": "^0.13.0",
        "@material/mwc-icon": "^0.13.0",
        "@material/mwc-ripple": "^0.13.0",
        "lit-element": "^2.2.1",
        "lit-html": "^1.1.2",
        "tslib": "^1.10.0"
      }
    },
    "@material/mwc-checkbox": {
      "version": "0.13.0",
      "resolved": "https://registry.npmjs.org/@material/mwc-checkbox/-/mwc-checkbox-0.13.0.tgz",
      "integrity": "sha512-HCtTBos/iQqmukkNJggM4WWWmsZ4z4nm8VVNu+VxfMX0KYivIMfml6SZZZR/kT7MutRRn+E7TiROPV9aFIQvSA==",
      "requires": {
        "@material/checkbox": "=5.0.0-canary.a1a0deb3e.0",
        "@material/mwc-base": "^0.13.0",
        "@material/mwc-ripple": "^0.13.0",
        "lit-element": "^2.2.1",
        "tslib": "^1.10.0"
      }
    },
    "@material/mwc-floating-label": {
      "version": "0.13.0",
      "resolved": "https://registry.npmjs.org/@material/mwc-floating-label/-/mwc-floating-label-0.13.0.tgz",
      "integrity": "sha512-bGvyK7w6CU0WdAGHJdSsUD3Es/caVchrZEM2qOcxvYO5pAgfNkGAhMnkPRCG2BTyhcWHxnTw65QONlTMx/7LWg==",
      "requires": {
        "@material/floating-label": "=5.0.0-canary.a1a0deb3e.0",
        "lit-element": "^2.2.1",
        "lit-html": "^1.1.2",
        "tslib": "^1.10.0"
      }
    },
    "@material/mwc-icon": {
      "version": "0.13.0",
      "resolved": "https://registry.npmjs.org/@material/mwc-icon/-/mwc-icon-0.13.0.tgz",
      "integrity": "sha512-eqLb6xuuOvdLg+VuAI+RgWKfI45EMwAE5TtAS99CppTa1Ppex2Xvhz8oHXQyf47obvSX3oA3cDarZf2SOz0e0g==",
      "requires": {
        "@material/mwc-base": "^0.13.0",
        "lit-element": "^2.2.1",
        "tslib": "^1.10.0"
      }
    },
    "@material/mwc-line-ripple": {
      "version": "0.13.0",
      "resolved": "https://registry.npmjs.org/@material/mwc-line-ripple/-/mwc-line-ripple-0.13.0.tgz",
      "integrity": "sha512-IR0OeZjOeR4bGStvpf0O0eGpdOKDQuSEdVXdT1oet9zXSv6LZ+ERTz1z6GGqVn8MsWF+6NGCq0y4Wh5XWot8dA==",
      "requires": {
        "@material/line-ripple": "=5.0.0-canary.a1a0deb3e.0",
        "lit-element": "^2.2.1",
        "lit-html": "^1.1.2",
        "tslib": "^1.10.0"
      }
    },
    "@material/mwc-list": {
      "version": "0.13.0",
      "resolved": "https://registry.npmjs.org/@material/mwc-list/-/mwc-list-0.13.0.tgz",
      "integrity": "sha512-wccYa5svBh68xz93osil9ZWItUt219idbX0a41MMXZmgm3esGXuGG4kH9hn14opKrhK4HgYfpFml3yt0Jlx/hQ==",
      "requires": {
        "@material/list": "=5.0.0-canary.a1a0deb3e.0",
        "@material/mwc-base": "^0.13.0",
        "@material/mwc-checkbox": "^0.13.0",
        "@material/mwc-radio": "^0.13.0",
        "lit-element": "^2.2.1",
        "lit-html": "^1.1.2",
        "tslib": "^1.10.0"
      }
    },
    "@material/mwc-menu": {
      "version": "0.13.0",
      "resolved": "https://registry.npmjs.org/@material/mwc-menu/-/mwc-menu-0.13.0.tgz",
      "integrity": "sha512-kIq9sj19ajn9WyT7ImXODFZluYC1KuE+WQ02nGOEdv+LJf6gjDQS9o+ouz5K8kIOYWIwrc2ONqtBabRNXkAsJw==",
      "requires": {
        "@material/menu": "=5.0.0-canary.a1a0deb3e.0",
        "@material/menu-surface": "=5.0.0-canary.a1a0deb3e.0",
        "@material/mwc-base": "^0.13.0",
        "@material/mwc-list": "^0.13.0",
        "lit-element": "^2.2.1",
        "lit-html": "^1.1.2",
        "tslib": "^1.10.0"
      }
    },
    "@material/mwc-notched-outline": {
      "version": "0.13.0",
      "resolved": "https://registry.npmjs.org/@material/mwc-notched-outline/-/mwc-notched-outline-0.13.0.tgz",
      "integrity": "sha512-vacRI59nBsTsuGN/ApglT0PBz3oF8lC78aMTGjryPpl17ZTlqxfXrpE/8C9HMRrjljVPtzOLhxuwsLbYXopRCA==",
      "requires": {
        "@material/mwc-base": "^0.13.0",
        "@material/notched-outline": "=5.0.0-canary.a1a0deb3e.0",
        "@material/shape": "=5.0.0-canary.a1a0deb3e.0",
        "@material/theme": "=5.0.0-canary.a1a0deb3e.0",
        "lit-element": "^2.2.1",
        "tslib": "^1.10.0"
      }
    },
    "@material/mwc-radio": {
      "version": "0.13.0",
      "resolved": "https://registry.npmjs.org/@material/mwc-radio/-/mwc-radio-0.13.0.tgz",
      "integrity": "sha512-4UbgDWZmIAbLb2O+6g4yTa7sNFObmROmnGehN/CSjLQj+sR29oA6kN1OCWQUwzGPiAYJ7dLkChNwJQNGZTRueQ==",
      "requires": {
        "@material/mwc-base": "^0.13.0",
        "@material/mwc-ripple": "^0.13.0",
        "@material/radio": "=5.0.0-canary.a1a0deb3e.0",
        "lit-element": "^2.2.1",
        "tslib": "^1.10.0"
      }
    },
    "@material/mwc-ripple": {
      "version": "0.13.0",
      "resolved": "https://registry.npmjs.org/@material/mwc-ripple/-/mwc-ripple-0.13.0.tgz",
      "integrity": "sha512-c4UWmoAkareL5BCcitJDw/H2+DafTgxw7XuRYQYw/WOPIXD3ILraBydHs/ukapgYa9lRCpP77mOBDTyAMZeEMA==",
      "requires": {
        "@material/dom": "=5.0.0-canary.a1a0deb3e.0",
        "@material/mwc-base": "^0.13.0",
        "@material/ripple": "=5.0.0-canary.a1a0deb3e.0",
        "lit-element": "^2.2.1",
        "lit-html": "^1.1.2",
        "tslib": "^1.10.0"
      }
    },
    "@material/mwc-select": {
      "version": "0.13.0",
      "resolved": "https://registry.npmjs.org/@material/mwc-select/-/mwc-select-0.13.0.tgz",
      "integrity": "sha512-o2AWtxIy5LSIFDePVW5qpsJXVCLO9cNRBZhuSSCcYlorrrhZFKZcugrgLfRQGefUsuJoUDQRUT/rMmHAJK7Z0g==",
      "requires": {
        "@material/dom": "=5.0.0-canary.a1a0deb3e.0",
        "@material/floating-label": "=5.0.0-canary.a1a0deb3e.0",
        "@material/line-ripple": "=5.0.0-canary.a1a0deb3e.0",
        "@material/mwc-base": "^0.13.0",
        "@material/mwc-floating-label": "^0.13.0",
        "@material/mwc-icon": "^0.13.0",
        "@material/mwc-line-ripple": "^0.13.0",
        "@material/mwc-menu": "^0.13.0",
        "@material/mwc-notched-outline": "^0.13.0",
        "@material/select": "=5.0.0-canary.a1a0deb3e.0",
        "@material/theme": "=5.0.0-canary.a1a0deb3e.0",
        "lit-element": "^2.2.1",
        "lit-html": "^1.1.2",
        "tslib": "^1.10.0"
      }
    },
    "@material/mwc-textfield": {
      "version": "0.13.0",
      "resolved": "https://registry.npmjs.org/@material/mwc-textfield/-/mwc-textfield-0.13.0.tgz",
      "integrity": "sha512-0cOgJOP2hIe20NGRDNkl4JEyo8B0fiwdxKbU12LhDZrCI43qQnXzeAn1WkRUgwMBo3RS9AXKCBSMOdhrZ0tz7A==",
      "requires": {
        "@material/floating-label": "=5.0.0-canary.a1a0deb3e.0",
        "@material/line-ripple": "=5.0.0-canary.a1a0deb3e.0",
        "@material/mwc-base": "^0.13.0",
        "@material/mwc-floating-label": "^0.13.0",
        "@material/mwc-icon": "^0.13.0",
        "@material/mwc-line-ripple": "^0.13.0",
        "@material/mwc-notched-outline": "^0.13.0",
        "@material/shape": "=5.0.0-canary.a1a0deb3e.0",
        "@material/textfield": "=5.0.0-canary.a1a0deb3e.0",
        "@material/theme": "=5.0.0-canary.a1a0deb3e.0",
        "lit-element": "^2.2.1",
        "lit-html": "^1.1.2",
        "tslib": "^1.10.0"
      }
    },
    "@material/notched-outline": {
      "version": "5.0.0-canary.a1a0deb3e.0",
      "resolved": "https://registry.npmjs.org/@material/notched-outline/-/notched-outline-5.0.0-canary.a1a0deb3e.0.tgz",
      "integrity": "sha512-3X8MDHJtD8xw0Azytubn6/hpunY/rMvHj9vPgaXaV974jfsvK0be4B3xaLAj0yef24JhhWsgqcm5YnvKCTcUjA==",
      "requires": {
        "@material/base": "5.0.0-canary.a1a0deb3e.0",
        "@material/feature-targeting": "5.0.0-canary.a1a0deb3e.0",
        "@material/floating-label": "5.0.0-canary.a1a0deb3e.0",
        "@material/rtl": "5.0.0-canary.a1a0deb3e.0",
        "@material/shape": "5.0.0-canary.a1a0deb3e.0",
        "@material/theme": "5.0.0-canary.a1a0deb3e.0",
        "tslib": "^1.9.3"
      }
    },
    "@material/radio": {
      "version": "5.0.0-canary.a1a0deb3e.0",
      "resolved": "https://registry.npmjs.org/@material/radio/-/radio-5.0.0-canary.a1a0deb3e.0.tgz",
      "integrity": "sha512-onOaQGf7krcs1YBfblZl4xEz71kSpuToW9mulgdS1lwu4GuRPvL7HiPQh1OTKzXjXfskQ74dplMd13FVHqv2Bg==",
      "requires": {
        "@material/animation": "5.0.0-canary.a1a0deb3e.0",
        "@material/base": "5.0.0-canary.a1a0deb3e.0",
        "@material/density": "5.0.0-canary.a1a0deb3e.0",
        "@material/dom": "5.0.0-canary.a1a0deb3e.0",
        "@material/feature-targeting": "5.0.0-canary.a1a0deb3e.0",
        "@material/ripple": "5.0.0-canary.a1a0deb3e.0",
        "@material/theme": "5.0.0-canary.a1a0deb3e.0",
        "@material/touch-target": "5.0.0-canary.a1a0deb3e.0",
        "tslib": "^1.9.3"
      }
    },
    "@material/ripple": {
      "version": "5.0.0-canary.a1a0deb3e.0",
      "resolved": "https://registry.npmjs.org/@material/ripple/-/ripple-5.0.0-canary.a1a0deb3e.0.tgz",
      "integrity": "sha512-usvhMW+DWWDz+P63aoPb0ZqGknh6gJlZvEVpt/uUd3v2X64wEWFMmhITOTwLQcoYzVJNEQaOlzRroiALn+n6XA==",
      "requires": {
        "@material/animation": "5.0.0-canary.a1a0deb3e.0",
        "@material/base": "5.0.0-canary.a1a0deb3e.0",
        "@material/dom": "5.0.0-canary.a1a0deb3e.0",
        "@material/feature-targeting": "5.0.0-canary.a1a0deb3e.0",
        "@material/theme": "5.0.0-canary.a1a0deb3e.0",
        "tslib": "^1.9.3"
      }
    },
    "@material/rtl": {
      "version": "5.0.0-canary.a1a0deb3e.0",
      "resolved": "https://registry.npmjs.org/@material/rtl/-/rtl-5.0.0-canary.a1a0deb3e.0.tgz",
      "integrity": "sha512-twGx2x5Gl6hc8ap2kyPDrh7thWsANYEEsHB7LF5Y/U6/bJQDY+egnuqUtFD86+zNH+hIhM5JpBTMIqmoQev0pw=="
    },
    "@material/select": {
      "version": "5.0.0-canary.a1a0deb3e.0",
      "resolved": "https://registry.npmjs.org/@material/select/-/select-5.0.0-canary.a1a0deb3e.0.tgz",
      "integrity": "sha512-AaUWFqtSfevbwnFV2n1p8c10YV6bS2O4Q9oIBkdDxSRZRaQ9N13r42a9fBfnpef6SRNHHhVCjAhVaUNi1AcD5w==",
      "requires": {
        "@material/animation": "5.0.0-canary.a1a0deb3e.0",
        "@material/base": "5.0.0-canary.a1a0deb3e.0",
        "@material/floating-label": "5.0.0-canary.a1a0deb3e.0",
        "@material/line-ripple": "5.0.0-canary.a1a0deb3e.0",
        "@material/menu": "5.0.0-canary.a1a0deb3e.0",
        "@material/menu-surface": "5.0.0-canary.a1a0deb3e.0",
        "@material/notched-outline": "5.0.0-canary.a1a0deb3e.0",
        "@material/ripple": "5.0.0-canary.a1a0deb3e.0",
        "@material/rtl": "5.0.0-canary.a1a0deb3e.0",
        "@material/shape": "5.0.0-canary.a1a0deb3e.0",
        "@material/theme": "5.0.0-canary.a1a0deb3e.0",
        "@material/typography": "5.0.0-canary.a1a0deb3e.0",
        "tslib": "^1.9.3"
      }
    },
    "@material/shape": {
      "version": "5.0.0-canary.a1a0deb3e.0",
      "resolved": "https://registry.npmjs.org/@material/shape/-/shape-5.0.0-canary.a1a0deb3e.0.tgz",
      "integrity": "sha512-BcZ9fDjdmpZ1DxVfuK3q0OQ5ocizL5+p3Zk4bx2l5eyTCqOs/v1A5SQaTTBz6Lg/7isNaAvLKmEpRA4Gm+/AaQ==",
      "requires": {
        "@material/feature-targeting": "5.0.0-canary.a1a0deb3e.0",
        "@material/rtl": "5.0.0-canary.a1a0deb3e.0"
      }
    },
    "@material/textfield": {
      "version": "5.0.0-canary.a1a0deb3e.0",
      "resolved": "https://registry.npmjs.org/@material/textfield/-/textfield-5.0.0-canary.a1a0deb3e.0.tgz",
      "integrity": "sha512-1y2YA3pAHR2MAkqfCXn/BZp/CXpf4Ub3u4IVd255S1OiOQXVkwVHct+2xAIjdC4b2L2wNwyNzjePAIanFEED3g==",
      "requires": {
        "@material/animation": "5.0.0-canary.a1a0deb3e.0",
        "@material/base": "5.0.0-canary.a1a0deb3e.0",
        "@material/density": "5.0.0-canary.a1a0deb3e.0",
        "@material/dom": "5.0.0-canary.a1a0deb3e.0",
        "@material/feature-targeting": "5.0.0-canary.a1a0deb3e.0",
        "@material/floating-label": "5.0.0-canary.a1a0deb3e.0",
        "@material/line-ripple": "5.0.0-canary.a1a0deb3e.0",
        "@material/notched-outline": "5.0.0-canary.a1a0deb3e.0",
        "@material/ripple": "5.0.0-canary.a1a0deb3e.0",
        "@material/rtl": "5.0.0-canary.a1a0deb3e.0",
        "@material/shape": "5.0.0-canary.a1a0deb3e.0",
        "@material/theme": "5.0.0-canary.a1a0deb3e.0",
        "@material/typography": "5.0.0-canary.a1a0deb3e.0",
        "tslib": "^1.9.3"
      }
    },
    "@material/theme": {
      "version": "5.0.0-canary.a1a0deb3e.0",
      "resolved": "https://registry.npmjs.org/@material/theme/-/theme-5.0.0-canary.a1a0deb3e.0.tgz",
      "integrity": "sha512-WaczeQGrqZtflSEBK0XfuLbdzAoGr3VedarLEM3k+B2kfMzUU3f2hswXKawNQPW1W6oJ2u8CHHwqoGYZgkP03Q==",
      "requires": {
        "@material/feature-targeting": "5.0.0-canary.a1a0deb3e.0"
      }
    },
    "@material/touch-target": {
      "version": "5.0.0-canary.a1a0deb3e.0",
      "resolved": "https://registry.npmjs.org/@material/touch-target/-/touch-target-5.0.0-canary.a1a0deb3e.0.tgz",
      "integrity": "sha512-Tu3e7OR1F2jSrgrWSGwhJpI0ICn2T8dJcSNYEWPaYbo2iULsi4HKIfDivCZys0jVAwGQVV6xmwVhLB5hPZq7Ag==",
      "requires": {
        "@material/base": "5.0.0-canary.a1a0deb3e.0",
        "@material/feature-targeting": "5.0.0-canary.a1a0deb3e.0"
      }
    },
    "@material/typography": {
      "version": "5.0.0-canary.a1a0deb3e.0",
      "resolved": "https://registry.npmjs.org/@material/typography/-/typography-5.0.0-canary.a1a0deb3e.0.tgz",
      "integrity": "sha512-t7ZOFsFzf6v25XU7fg5cL3IKuDqm1ZqcMpurYZHjekH4TeRvcWjX7AupZ97dIyBuW9BiDHpsIYI94T0E+MQMpA==",
      "requires": {
        "@material/feature-targeting": "5.0.0-canary.a1a0deb3e.0"
      }
    },
    "@stencil/core": {
      "version": "1.8.4",
      "resolved": "https://registry.npmjs.org/@stencil/core/-/core-1.8.4.tgz",
      "integrity": "sha512-QqMd7PtqsnhZCqflGp1pQNhbMSaqJho9l5ZSZfbl2OP2q1SdVuKUl/vatAT+++Ml7duC6OZCNsvhLvvP6Mr7GQ==",
      "dev": true,
      "requires": {
        "typescript": "3.7.2"
      }
    },
    "lit-element": {
      "version": "2.2.1",
      "resolved": "https://registry.npmjs.org/lit-element/-/lit-element-2.2.1.tgz",
      "integrity": "sha512-ipDcgQ1EpW6Va2Z6dWm79jYdimVepO5GL0eYkZrFvdr0OD/1N260Q9DH+K5HXHFrRoC7dOg+ZpED2XE0TgGdXw==",
      "requires": {
        "lit-html": "^1.0.0"
      }
    },
    "lit-html": {
      "version": "1.1.2",
      "resolved": "https://registry.npmjs.org/lit-html/-/lit-html-1.1.2.tgz",
      "integrity": "sha512-FFlUMKHKi+qG1x1iHNZ1hrtc/zHmfYTyrSvs3/wBTvaNtpZjOZGWzU7efGYVpgp6KvWeKF6ql9/KsCq6Z/mEDA=="
    },
    "tslib": {
      "version": "1.10.0",
      "resolved": "https://registry.npmjs.org/tslib/-/tslib-1.10.0.tgz",
      "integrity": "sha512-qOebF53frne81cf0S9B41ByenJ3/IuH8yJKngAX35CmiZySA0khhkovshKK+jGCaMnVomla7gVlIcc3EvKPbTQ=="
    },
    "typescript": {
      "version": "3.7.2",
      "resolved": "https://registry.npmjs.org/typescript/-/typescript-3.7.2.tgz",
      "integrity": "sha512-ml7V7JfiN2Xwvcer+XAf2csGO1bPBdRbFCkYBczNZggrBZ9c7G3riSUeJmqEU5uOtXNPMhE3n+R4FA/3YOAWOQ==",
      "dev": true
    }
  }
}
